// !$*UTF8*$!
{
	archiveVersion = 1;
	classes = {
	};
	objectVersion = 51;
	objects = {

/* Begin PBXBuildFile section */
		1DB4D8598EA420E61F24B57F /* Pods_MoyaSampleTests.framework in Frameworks */ = {isa = PBXBuildFile; fileRef = 5A2AA473BEB0DC7772D5D5A1 /* Pods_MoyaSampleTests.framework */; };
		69ADD545849553560AA49086 /* Pods_MoyaSample_MoyaSampleUITests.framework in Frameworks */ = {isa = PBXBuildFile; fileRef = C3EE98FEE3D3B503D7601281 /* Pods_MoyaSample_MoyaSampleUITests.framework */; };
		844A1D2C24FDF424002F0821 /* TestViewController.storyboard in Resources */ = {isa = PBXBuildFile; fileRef = 844A1D2B24FDF424002F0821 /* TestViewController.storyboard */; };
		844A1D2E24FDF4D7002F0821 /* TestViewController.swift in Sources */ = {isa = PBXBuildFile; fileRef = 844A1D2D24FDF4D7002F0821 /* TestViewController.swift */; };
		844A1D3024FF2892002F0821 /* GoogleService-Info.plist in Resources */ = {isa = PBXBuildFile; fileRef = 844A1D2F24FF2891002F0821 /* GoogleService-Info.plist */; };
		847CFF2325130CFD005C73CB /* FirstViewController.storyboard in Resources */ = {isa = PBXBuildFile; fileRef = 847CFF2225130CFD005C73CB /* FirstViewController.storyboard */; };
		847CFF2525130E1B005C73CB /* FirstViewController.swift in Sources */ = {isa = PBXBuildFile; fileRef = 847CFF2425130E1B005C73CB /* FirstViewController.swift */; };
		84BE55E324F78AD600A3FFA1 /* AppDelegate.swift in Sources */ = {isa = PBXBuildFile; fileRef = 84BE55E224F78AD600A3FFA1 /* AppDelegate.swift */; };
		84BE55E524F78AD600A3FFA1 /* SceneDelegate.swift in Sources */ = {isa = PBXBuildFile; fileRef = 84BE55E424F78AD600A3FFA1 /* SceneDelegate.swift */; };
		84BE55E724F78AD600A3FFA1 /* ViewController.swift in Sources */ = {isa = PBXBuildFile; fileRef = 84BE55E624F78AD600A3FFA1 /* ViewController.swift */; };
		84BE55EA24F78AD600A3FFA1 /* Main.storyboard in Resources */ = {isa = PBXBuildFile; fileRef = 84BE55E824F78AD600A3FFA1 /* Main.storyboard */; };
		84BE55EC24F78AD800A3FFA1 /* Assets.xcassets in Resources */ = {isa = PBXBuildFile; fileRef = 84BE55EB24F78AD800A3FFA1 /* Assets.xcassets */; };
		84BE55EF24F78AD800A3FFA1 /* LaunchScreen.storyboard in Resources */ = {isa = PBXBuildFile; fileRef = 84BE55ED24F78AD800A3FFA1 /* LaunchScreen.storyboard */; };
		84BE55FA24F78AD800A3FFA1 /* MoyaSampleTests.swift in Sources */ = {isa = PBXBuildFile; fileRef = 84BE55F924F78AD800A3FFA1 /* MoyaSampleTests.swift */; };
		84BE560524F78AD800A3FFA1 /* MoyaSampleUITests.swift in Sources */ = {isa = PBXBuildFile; fileRef = 84BE560424F78AD800A3FFA1 /* MoyaSampleUITests.swift */; };
		84BE561324F78C2500A3FFA1 /* AtCoderProblemsAPI.swift in Sources */ = {isa = PBXBuildFile; fileRef = 84BE561224F78C2500A3FFA1 /* AtCoderProblemsAPI.swift */; };
		84BE561524F78D7200A3FFA1 /* AtCoderProblemsRepository.swift in Sources */ = {isa = PBXBuildFile; fileRef = 84BE561424F78D7200A3FFA1 /* AtCoderProblemsRepository.swift */; };
		C2C89B9AC8860202038E8A74 /* Pods_MoyaSample.framework in Frameworks */ = {isa = PBXBuildFile; fileRef = 3C24C9FE67BA0A1CBCF5E0DC /* Pods_MoyaSample.framework */; };
/* End PBXBuildFile section */

/* Begin PBXContainerItemProxy section */
		84BE55F624F78AD800A3FFA1 /* PBXContainerItemProxy */ = {
			isa = PBXContainerItemProxy;
			containerPortal = 84BE55D724F78AD600A3FFA1 /* Project object */;
			proxyType = 1;
			remoteGlobalIDString = 84BE55DE24F78AD600A3FFA1;
			remoteInfo = MoyaSample;
		};
		84BE560124F78AD800A3FFA1 /* PBXContainerItemProxy */ = {
			isa = PBXContainerItemProxy;
			containerPortal = 84BE55D724F78AD600A3FFA1 /* Project object */;
			proxyType = 1;
			remoteGlobalIDString = 84BE55DE24F78AD600A3FFA1;
			remoteInfo = MoyaSample;
		};
/* End PBXContainerItemProxy section */

/* Begin PBXFileReference section */
		3C24C9FE67BA0A1CBCF5E0DC /* Pods_MoyaSample.framework */ = {isa = PBXFileReference; explicitFileType = wrapper.framework; includeInIndex = 0; path = Pods_MoyaSample.framework; sourceTree = BUILT_PRODUCTS_DIR; };
		407B0603C7962CFCD237D01D /* Pods-MoyaSample-MoyaSampleUITests.release.xcconfig */ = {isa = PBXFileReference; includeInIndex = 1; lastKnownFileType = text.xcconfig; name = "Pods-MoyaSample-MoyaSampleUITests.release.xcconfig"; path = "Target Support Files/Pods-MoyaSample-MoyaSampleUITests/Pods-MoyaSample-MoyaSampleUITests.release.xcconfig"; sourceTree = "<group>"; };
		43A3F02AF97D394AB5AA97AD /* Pods-MoyaSample.debug.xcconfig */ = {isa = PBXFileReference; includeInIndex = 1; lastKnownFileType = text.xcconfig; name = "Pods-MoyaSample.debug.xcconfig"; path = "Target Support Files/Pods-MoyaSample/Pods-MoyaSample.debug.xcconfig"; sourceTree = "<group>"; };
		5A2AA473BEB0DC7772D5D5A1 /* Pods_MoyaSampleTests.framework */ = {isa = PBXFileReference; explicitFileType = wrapper.framework; includeInIndex = 0; path = Pods_MoyaSampleTests.framework; sourceTree = BUILT_PRODUCTS_DIR; };
		82F8020A2D55930D43D66412 /* Pods-MoyaSample.release.xcconfig */ = {isa = PBXFileReference; includeInIndex = 1; lastKnownFileType = text.xcconfig; name = "Pods-MoyaSample.release.xcconfig"; path = "Target Support Files/Pods-MoyaSample/Pods-MoyaSample.release.xcconfig"; sourceTree = "<group>"; };
		844A1D2B24FDF424002F0821 /* TestViewController.storyboard */ = {isa = PBXFileReference; lastKnownFileType = file.storyboard; path = TestViewController.storyboard; sourceTree = "<group>"; };
		844A1D2D24FDF4D7002F0821 /* TestViewController.swift */ = {isa = PBXFileReference; lastKnownFileType = sourcecode.swift; path = TestViewController.swift; sourceTree = "<group>"; };
		844A1D2F24FF2891002F0821 /* GoogleService-Info.plist */ = {isa = PBXFileReference; fileEncoding = 4; lastKnownFileType = text.plist.xml; path = "GoogleService-Info.plist"; sourceTree = "<group>"; };
		847CFF2225130CFD005C73CB /* FirstViewController.storyboard */ = {isa = PBXFileReference; lastKnownFileType = file.storyboard; path = FirstViewController.storyboard; sourceTree = "<group>"; };
		847CFF2425130E1B005C73CB /* FirstViewController.swift */ = {isa = PBXFileReference; lastKnownFileType = sourcecode.swift; path = FirstViewController.swift; sourceTree = "<group>"; };
		84BE55DF24F78AD600A3FFA1 /* MoyaSample.app */ = {isa = PBXFileReference; explicitFileType = wrapper.application; includeInIndex = 0; path = MoyaSample.app; sourceTree = BUILT_PRODUCTS_DIR; };
		84BE55E224F78AD600A3FFA1 /* AppDelegate.swift */ = {isa = PBXFileReference; lastKnownFileType = sourcecode.swift; path = AppDelegate.swift; sourceTree = "<group>"; };
		84BE55E424F78AD600A3FFA1 /* SceneDelegate.swift */ = {isa = PBXFileReference; lastKnownFileType = sourcecode.swift; path = SceneDelegate.swift; sourceTree = "<group>"; };
		84BE55E624F78AD600A3FFA1 /* ViewController.swift */ = {isa = PBXFileReference; lastKnownFileType = sourcecode.swift; path = ViewController.swift; sourceTree = "<group>"; };
		84BE55E924F78AD600A3FFA1 /* Base */ = {isa = PBXFileReference; lastKnownFileType = file.storyboard; name = Base; path = Base.lproj/Main.storyboard; sourceTree = "<group>"; };
		84BE55EB24F78AD800A3FFA1 /* Assets.xcassets */ = {isa = PBXFileReference; lastKnownFileType = folder.assetcatalog; path = Assets.xcassets; sourceTree = "<group>"; };
		84BE55EE24F78AD800A3FFA1 /* Base */ = {isa = PBXFileReference; lastKnownFileType = file.storyboard; name = Base; path = Base.lproj/LaunchScreen.storyboard; sourceTree = "<group>"; };
		84BE55F024F78AD800A3FFA1 /* Info.plist */ = {isa = PBXFileReference; lastKnownFileType = text.plist.xml; path = Info.plist; sourceTree = "<group>"; };
		84BE55F524F78AD800A3FFA1 /* MoyaSampleTests.xctest */ = {isa = PBXFileReference; explicitFileType = wrapper.cfbundle; includeInIndex = 0; path = MoyaSampleTests.xctest; sourceTree = BUILT_PRODUCTS_DIR; };
		84BE55F924F78AD800A3FFA1 /* MoyaSampleTests.swift */ = {isa = PBXFileReference; lastKnownFileType = sourcecode.swift; path = MoyaSampleTests.swift; sourceTree = "<group>"; };
		84BE55FB24F78AD800A3FFA1 /* Info.plist */ = {isa = PBXFileReference; lastKnownFileType = text.plist.xml; path = Info.plist; sourceTree = "<group>"; };
		84BE560024F78AD800A3FFA1 /* MoyaSampleUITests.xctest */ = {isa = PBXFileReference; explicitFileType = wrapper.cfbundle; includeInIndex = 0; path = MoyaSampleUITests.xctest; sourceTree = BUILT_PRODUCTS_DIR; };
		84BE560424F78AD800A3FFA1 /* MoyaSampleUITests.swift */ = {isa = PBXFileReference; lastKnownFileType = sourcecode.swift; path = MoyaSampleUITests.swift; sourceTree = "<group>"; };
		84BE560624F78AD800A3FFA1 /* Info.plist */ = {isa = PBXFileReference; lastKnownFileType = text.plist.xml; path = Info.plist; sourceTree = "<group>"; };
		84BE561224F78C2500A3FFA1 /* AtCoderProblemsAPI.swift */ = {isa = PBXFileReference; lastKnownFileType = sourcecode.swift; path = AtCoderProblemsAPI.swift; sourceTree = "<group>"; };
		84BE561424F78D7200A3FFA1 /* AtCoderProblemsRepository.swift */ = {isa = PBXFileReference; lastKnownFileType = sourcecode.swift; path = AtCoderProblemsRepository.swift; sourceTree = "<group>"; };
		8AF7F23026DA052E7098D32F /* Pods-MoyaSampleTests.release.xcconfig */ = {isa = PBXFileReference; includeInIndex = 1; lastKnownFileType = text.xcconfig; name = "Pods-MoyaSampleTests.release.xcconfig"; path = "Target Support Files/Pods-MoyaSampleTests/Pods-MoyaSampleTests.release.xcconfig"; sourceTree = "<group>"; };
		C3EE98FEE3D3B503D7601281 /* Pods_MoyaSample_MoyaSampleUITests.framework */ = {isa = PBXFileReference; explicitFileType = wrapper.framework; includeInIndex = 0; path = Pods_MoyaSample_MoyaSampleUITests.framework; sourceTree = BUILT_PRODUCTS_DIR; };
		C5E162C9204A464E7E2562EA /* Pods-MoyaSampleTests.debug.xcconfig */ = {isa = PBXFileReference; includeInIndex = 1; lastKnownFileType = text.xcconfig; name = "Pods-MoyaSampleTests.debug.xcconfig"; path = "Target Support Files/Pods-MoyaSampleTests/Pods-MoyaSampleTests.debug.xcconfig"; sourceTree = "<group>"; };
		E4C443D6EE6277D5DE7C9470 /* Pods-MoyaSample-MoyaSampleUITests.debug.xcconfig */ = {isa = PBXFileReference; includeInIndex = 1; lastKnownFileType = text.xcconfig; name = "Pods-MoyaSample-MoyaSampleUITests.debug.xcconfig"; path = "Target Support Files/Pods-MoyaSample-MoyaSampleUITests/Pods-MoyaSample-MoyaSampleUITests.debug.xcconfig"; sourceTree = "<group>"; };
/* End PBXFileReference section */

/* Begin PBXFrameworksBuildPhase section */
		84BE55DC24F78AD600A3FFA1 /* Frameworks */ = {
			isa = PBXFrameworksBuildPhase;
			buildActionMask = 2147483647;
			files = (
				C2C89B9AC8860202038E8A74 /* Pods_MoyaSample.framework in Frameworks */,
			);
			runOnlyForDeploymentPostprocessing = 0;
		};
		84BE55F224F78AD800A3FFA1 /* Frameworks */ = {
			isa = PBXFrameworksBuildPhase;
			buildActionMask = 2147483647;
			files = (
				1DB4D8598EA420E61F24B57F /* Pods_MoyaSampleTests.framework in Frameworks */,
			);
			runOnlyForDeploymentPostprocessing = 0;
		};
		84BE55FD24F78AD800A3FFA1 /* Frameworks */ = {
			isa = PBXFrameworksBuildPhase;
			buildActionMask = 2147483647;
			files = (
				69ADD545849553560AA49086 /* Pods_MoyaSample_MoyaSampleUITests.framework in Frameworks */,
			);
			runOnlyForDeploymentPostprocessing = 0;
		};
/* End PBXFrameworksBuildPhase section */

/* Begin PBXGroup section */
		84BE55D624F78AD600A3FFA1 = {
			isa = PBXGroup;
			children = (
				84BE55E124F78AD600A3FFA1 /* MoyaSample */,
				84BE55F824F78AD800A3FFA1 /* MoyaSampleTests */,
				84BE560324F78AD800A3FFA1 /* MoyaSampleUITests */,
				84BE55E024F78AD600A3FFA1 /* Products */,
				B4CF0627CBD2FEA1D936F482 /* Pods */,
				FA0DDF2CC17E117200061FFE /* Frameworks */,
			);
			sourceTree = "<group>";
		};
		84BE55E024F78AD600A3FFA1 /* Products */ = {
			isa = PBXGroup;
			children = (
				84BE55DF24F78AD600A3FFA1 /* MoyaSample.app */,
				84BE55F524F78AD800A3FFA1 /* MoyaSampleTests.xctest */,
				84BE560024F78AD800A3FFA1 /* MoyaSampleUITests.xctest */,
			);
			name = Products;
			sourceTree = "<group>";
		};
		84BE55E124F78AD600A3FFA1 /* MoyaSample */ = {
			isa = PBXGroup;
			children = (
				84BE55E224F78AD600A3FFA1 /* AppDelegate.swift */,
				84BE55E424F78AD600A3FFA1 /* SceneDelegate.swift */,
				84BE55E624F78AD600A3FFA1 /* ViewController.swift */,
				847CFF2425130E1B005C73CB /* FirstViewController.swift */,
				847CFF2225130CFD005C73CB /* FirstViewController.storyboard */,
				844A1D2D24FDF4D7002F0821 /* TestViewController.swift */,
				844A1D2B24FDF424002F0821 /* TestViewController.storyboard */,
				84BE561224F78C2500A3FFA1 /* AtCoderProblemsAPI.swift */,
				84BE561424F78D7200A3FFA1 /* AtCoderProblemsRepository.swift */,
				84BE55E824F78AD600A3FFA1 /* Main.storyboard */,
				84BE55EB24F78AD800A3FFA1 /* Assets.xcassets */,
				84BE55ED24F78AD800A3FFA1 /* LaunchScreen.storyboard */,
				844A1D2F24FF2891002F0821 /* GoogleService-Info.plist */,
				84BE55F024F78AD800A3FFA1 /* Info.plist */,
			);
			path = MoyaSample;
			sourceTree = "<group>";
		};
		84BE55F824F78AD800A3FFA1 /* MoyaSampleTests */ = {
			isa = PBXGroup;
			children = (
				84BE55F924F78AD800A3FFA1 /* MoyaSampleTests.swift */,
				84BE55FB24F78AD800A3FFA1 /* Info.plist */,
			);
			path = MoyaSampleTests;
			sourceTree = "<group>";
		};
		84BE560324F78AD800A3FFA1 /* MoyaSampleUITests */ = {
			isa = PBXGroup;
			children = (
				84BE560424F78AD800A3FFA1 /* MoyaSampleUITests.swift */,
				84BE560624F78AD800A3FFA1 /* Info.plist */,
			);
			path = MoyaSampleUITests;
			sourceTree = "<group>";
		};
		B4CF0627CBD2FEA1D936F482 /* Pods */ = {
			isa = PBXGroup;
			children = (
				43A3F02AF97D394AB5AA97AD /* Pods-MoyaSample.debug.xcconfig */,
				82F8020A2D55930D43D66412 /* Pods-MoyaSample.release.xcconfig */,
				E4C443D6EE6277D5DE7C9470 /* Pods-MoyaSample-MoyaSampleUITests.debug.xcconfig */,
				407B0603C7962CFCD237D01D /* Pods-MoyaSample-MoyaSampleUITests.release.xcconfig */,
				C5E162C9204A464E7E2562EA /* Pods-MoyaSampleTests.debug.xcconfig */,
				8AF7F23026DA052E7098D32F /* Pods-MoyaSampleTests.release.xcconfig */,
			);
			path = Pods;
			sourceTree = "<group>";
		};
		FA0DDF2CC17E117200061FFE /* Frameworks */ = {
			isa = PBXGroup;
			children = (
				3C24C9FE67BA0A1CBCF5E0DC /* Pods_MoyaSample.framework */,
				C3EE98FEE3D3B503D7601281 /* Pods_MoyaSample_MoyaSampleUITests.framework */,
				5A2AA473BEB0DC7772D5D5A1 /* Pods_MoyaSampleTests.framework */,
			);
			name = Frameworks;
			sourceTree = "<group>";
		};
/* End PBXGroup section */

/* Begin PBXNativeTarget section */
		84BE55DE24F78AD600A3FFA1 /* MoyaSample */ = {
			isa = PBXNativeTarget;
			buildConfigurationList = 84BE560924F78AD800A3FFA1 /* Build configuration list for PBXNativeTarget "MoyaSample" */;
			buildPhases = (
				ADFB865A96DF44C77F06B5A9 /* [CP] Check Pods Manifest.lock */,
				84BE55DB24F78AD600A3FFA1 /* Sources */,
				84BE55DC24F78AD600A3FFA1 /* Frameworks */,
				84BE55DD24F78AD600A3FFA1 /* Resources */,
				777FEA60E915BFC63F3A4A08 /* [CP] Embed Pods Frameworks */,
				844A1D3124FF2A07002F0821 /* ShellScript */,
			);
			buildRules = (
			);
			dependencies = (
			);
			name = MoyaSample;
			productName = MoyaSample;
			productReference = 84BE55DF24F78AD600A3FFA1 /* MoyaSample.app */;
			productType = "com.apple.product-type.application";
		};
		84BE55F424F78AD800A3FFA1 /* MoyaSampleTests */ = {
			isa = PBXNativeTarget;
			buildConfigurationList = 84BE560C24F78AD800A3FFA1 /* Build configuration list for PBXNativeTarget "MoyaSampleTests" */;
			buildPhases = (
				7C6C6FED91F9BAE98F3C5830 /* [CP] Check Pods Manifest.lock */,
				84BE55F124F78AD800A3FFA1 /* Sources */,
				84BE55F224F78AD800A3FFA1 /* Frameworks */,
				84BE55F324F78AD800A3FFA1 /* Resources */,
			);
			buildRules = (
			);
			dependencies = (
				84BE55F724F78AD800A3FFA1 /* PBXTargetDependency */,
			);
			name = MoyaSampleTests;
			productName = MoyaSampleTests;
			productReference = 84BE55F524F78AD800A3FFA1 /* MoyaSampleTests.xctest */;
			productType = "com.apple.product-type.bundle.unit-test";
		};
		84BE55FF24F78AD800A3FFA1 /* MoyaSampleUITests */ = {
			isa = PBXNativeTarget;
			buildConfigurationList = 84BE560F24F78AD800A3FFA1 /* Build configuration list for PBXNativeTarget "MoyaSampleUITests" */;
			buildPhases = (
				7365F00606C386FD58D7DE13 /* [CP] Check Pods Manifest.lock */,
				84BE55FC24F78AD800A3FFA1 /* Sources */,
				84BE55FD24F78AD800A3FFA1 /* Frameworks */,
				84BE55FE24F78AD800A3FFA1 /* Resources */,
				814422744984D40BA0D041C6 /* [CP] Embed Pods Frameworks */,
			);
			buildRules = (
			);
			dependencies = (
				84BE560224F78AD800A3FFA1 /* PBXTargetDependency */,
			);
			name = MoyaSampleUITests;
			productName = MoyaSampleUITests;
			productReference = 84BE560024F78AD800A3FFA1 /* MoyaSampleUITests.xctest */;
			productType = "com.apple.product-type.bundle.ui-testing";
		};
/* End PBXNativeTarget section */

/* Begin PBXProject section */
		84BE55D724F78AD600A3FFA1 /* Project object */ = {
			isa = PBXProject;
			attributes = {
				LastSwiftUpdateCheck = 1130;
				LastUpgradeCheck = 1130;
				ORGANIZATIONNAME = burita083;
				TargetAttributes = {
					84BE55DE24F78AD600A3FFA1 = {
						CreatedOnToolsVersion = 11.3.1;
					};
					84BE55F424F78AD800A3FFA1 = {
						CreatedOnToolsVersion = 11.3.1;
						TestTargetID = 84BE55DE24F78AD600A3FFA1;
					};
					84BE55FF24F78AD800A3FFA1 = {
						CreatedOnToolsVersion = 11.3.1;
						TestTargetID = 84BE55DE24F78AD600A3FFA1;
					};
				};
			};
			buildConfigurationList = 84BE55DA24F78AD600A3FFA1 /* Build configuration list for PBXProject "MoyaSample" */;
			compatibilityVersion = "Xcode 9.3";
			developmentRegion = en;
			hasScannedForEncodings = 0;
			knownRegions = (
				en,
				Base,
			);
			mainGroup = 84BE55D624F78AD600A3FFA1;
			productRefGroup = 84BE55E024F78AD600A3FFA1 /* Products */;
			projectDirPath = "";
			projectRoot = "";
			targets = (
				84BE55DE24F78AD600A3FFA1 /* MoyaSample */,
				84BE55F424F78AD800A3FFA1 /* MoyaSampleTests */,
				84BE55FF24F78AD800A3FFA1 /* MoyaSampleUITests */,
			);
		};
/* End PBXProject section */

/* Begin PBXResourcesBuildPhase section */
		84BE55DD24F78AD600A3FFA1 /* Resources */ = {
			isa = PBXResourcesBuildPhase;
			buildActionMask = 2147483647;
			files = (
				84BE55EF24F78AD800A3FFA1 /* LaunchScreen.storyboard in Resources */,
				844A1D2C24FDF424002F0821 /* TestViewController.storyboard in Resources */,
				844A1D3024FF2892002F0821 /* GoogleService-Info.plist in Resources */,
				84BE55EC24F78AD800A3FFA1 /* Assets.xcassets in Resources */,
				84BE55EA24F78AD600A3FFA1 /* Main.storyboard in Resources */,
				847CFF2325130CFD005C73CB /* FirstViewController.storyboard in Resources */,
			);
			runOnlyForDeploymentPostprocessing = 0;
		};
		84BE55F324F78AD800A3FFA1 /* Resources */ = {
			isa = PBXResourcesBuildPhase;
			buildActionMask = 2147483647;
			files = (
			);
			runOnlyForDeploymentPostprocessing = 0;
		};
		84BE55FE24F78AD800A3FFA1 /* Resources */ = {
			isa = PBXResourcesBuildPhase;
			buildActionMask = 2147483647;
			files = (
			);
			runOnlyForDeploymentPostprocessing = 0;
		};
/* End PBXResourcesBuildPhase section */

/* Begin PBXShellScriptBuildPhase section */
		7365F00606C386FD58D7DE13 /* [CP] Check Pods Manifest.lock */ = {
			isa = PBXShellScriptBuildPhase;
			buildActionMask = 2147483647;
			files = (
			);
			inputFileListPaths = (
			);
			inputPaths = (
				"${PODS_PODFILE_DIR_PATH}/Podfile.lock",
				"${PODS_ROOT}/Manifest.lock",
			);
			name = "[CP] Check Pods Manifest.lock";
			outputFileListPaths = (
			);
			outputPaths = (
				"$(DERIVED_FILE_DIR)/Pods-MoyaSample-MoyaSampleUITests-checkManifestLockResult.txt",
			);
			runOnlyForDeploymentPostprocessing = 0;
			shellPath = /bin/sh;
			shellScript = "diff \"${PODS_PODFILE_DIR_PATH}/Podfile.lock\" \"${PODS_ROOT}/Manifest.lock\" > /dev/null\nif [ $? != 0 ] ; then\n    # print error to STDERR\n    echo \"error: The sandbox is not in sync with the Podfile.lock. Run 'pod install' or update your CocoaPods installation.\" >&2\n    exit 1\nfi\n# This output is used by Xcode 'outputs' to avoid re-running this script phase.\necho \"SUCCESS\" > \"${SCRIPT_OUTPUT_FILE_0}\"\n";
			showEnvVarsInLog = 0;
		};
		777FEA60E915BFC63F3A4A08 /* [CP] Embed Pods Frameworks */ = {
			isa = PBXShellScriptBuildPhase;
			buildActionMask = 2147483647;
			files = (
			);
			inputFileListPaths = (
				"${PODS_ROOT}/Target Support Files/Pods-MoyaSample/Pods-MoyaSample-frameworks-${CONFIGURATION}-input-files.xcfilelist",
			);
			name = "[CP] Embed Pods Frameworks";
			outputFileListPaths = (
				"${PODS_ROOT}/Target Support Files/Pods-MoyaSample/Pods-MoyaSample-frameworks-${CONFIGURATION}-output-files.xcfilelist",
			);
			runOnlyForDeploymentPostprocessing = 0;
			shellPath = /bin/sh;
			shellScript = "\"${PODS_ROOT}/Target Support Files/Pods-MoyaSample/Pods-MoyaSample-frameworks.sh\"\n";
			showEnvVarsInLog = 0;
		};
		7C6C6FED91F9BAE98F3C5830 /* [CP] Check Pods Manifest.lock */ = {
			isa = PBXShellScriptBuildPhase;
			buildActionMask = 2147483647;
			files = (
			);
			inputFileListPaths = (
			);
			inputPaths = (
				"${PODS_PODFILE_DIR_PATH}/Podfile.lock",
				"${PODS_ROOT}/Manifest.lock",
			);
			name = "[CP] Check Pods Manifest.lock";
			outputFileListPaths = (
			);
			outputPaths = (
				"$(DERIVED_FILE_DIR)/Pods-MoyaSampleTests-checkManifestLockResult.txt",
			);
			runOnlyForDeploymentPostprocessing = 0;
			shellPath = /bin/sh;
			shellScript = "diff \"${PODS_PODFILE_DIR_PATH}/Podfile.lock\" \"${PODS_ROOT}/Manifest.lock\" > /dev/null\nif [ $? != 0 ] ; then\n    # print error to STDERR\n    echo \"error: The sandbox is not in sync with the Podfile.lock. Run 'pod install' or update your CocoaPods installation.\" >&2\n    exit 1\nfi\n# This output is used by Xcode 'outputs' to avoid re-running this script phase.\necho \"SUCCESS\" > \"${SCRIPT_OUTPUT_FILE_0}\"\n";
			showEnvVarsInLog = 0;
		};
		814422744984D40BA0D041C6 /* [CP] Embed Pods Frameworks */ = {
			isa = PBXShellScriptBuildPhase;
			buildActionMask = 2147483647;
			files = (
			);
			inputFileListPaths = (
				"${PODS_ROOT}/Target Support Files/Pods-MoyaSample-MoyaSampleUITests/Pods-MoyaSample-MoyaSampleUITests-frameworks-${CONFIGURATION}-input-files.xcfilelist",
			);
			name = "[CP] Embed Pods Frameworks";
			outputFileListPaths = (
				"${PODS_ROOT}/Target Support Files/Pods-MoyaSample-MoyaSampleUITests/Pods-MoyaSample-MoyaSampleUITests-frameworks-${CONFIGURATION}-output-files.xcfilelist",
			);
			runOnlyForDeploymentPostprocessing = 0;
			shellPath = /bin/sh;
			shellScript = "\"${PODS_ROOT}/Target Support Files/Pods-MoyaSample-MoyaSampleUITests/Pods-MoyaSample-MoyaSampleUITests-frameworks.sh\"\n";
			showEnvVarsInLog = 0;
		};
		844A1D3124FF2A07002F0821 /* ShellScript */ = {
			isa = PBXShellScriptBuildPhase;
			buildActionMask = 8;
			files = (
			);
			inputFileListPaths = (
			);
			inputPaths = (
			);
			outputFileListPaths = (
			);
			outputPaths = (
			);
			runOnlyForDeploymentPostprocessing = 1;
			shellPath = /bin/sh;
			shellScript = "# Type a script or drag a script file from your workspace to insert its path.\n\"${PROJECT_DIR}/FirebaseCrashlytics/run\"\n";
		};
		ADFB865A96DF44C77F06B5A9 /* [CP] Check Pods Manifest.lock */ = {
			isa = PBXShellScriptBuildPhase;
			buildActionMask = 2147483647;
			files = (
			);
			inputFileListPaths = (
			);
			inputPaths = (
				"${PODS_PODFILE_DIR_PATH}/Podfile.lock",
				"${PODS_ROOT}/Manifest.lock",
			);
			name = "[CP] Check Pods Manifest.lock";
			outputFileListPaths = (
			);
			outputPaths = (
				"$(DERIVED_FILE_DIR)/Pods-MoyaSample-checkManifestLockResult.txt",
			);
			runOnlyForDeploymentPostprocessing = 0;
			shellPath = /bin/sh;
			shellScript = "diff \"${PODS_PODFILE_DIR_PATH}/Podfile.lock\" \"${PODS_ROOT}/Manifest.lock\" > /dev/null\nif [ $? != 0 ] ; then\n    # print error to STDERR\n    echo \"error: The sandbox is not in sync with the Podfile.lock. Run 'pod install' or update your CocoaPods installation.\" >&2\n    exit 1\nfi\n# This output is used by Xcode 'outputs' to avoid re-running this script phase.\necho \"SUCCESS\" > \"${SCRIPT_OUTPUT_FILE_0}\"\n";
			showEnvVarsInLog = 0;
		};
/* End PBXShellScriptBuildPhase section */

/* Begin PBXSourcesBuildPhase section */
		84BE55DB24F78AD600A3FFA1 /* Sources */ = {
			isa = PBXSourcesBuildPhase;
			buildActionMask = 2147483647;
			files = (
				84BE561324F78C2500A3FFA1 /* AtCoderProblemsAPI.swift in Sources */,
				84BE55E724F78AD600A3FFA1 /* ViewController.swift in Sources */,
				84BE55E324F78AD600A3FFA1 /* AppDelegate.swift in Sources */,
				84BE561524F78D7200A3FFA1 /* AtCoderProblemsRepository.swift in Sources */,
				844A1D2E24FDF4D7002F0821 /* TestViewController.swift in Sources */,
				84BE55E524F78AD600A3FFA1 /* SceneDelegate.swift in Sources */,
				847CFF2525130E1B005C73CB /* FirstViewController.swift in Sources */,
			);
			runOnlyForDeploymentPostprocessing = 0;
		};
		84BE55F124F78AD800A3FFA1 /* Sources */ = {
			isa = PBXSourcesBuildPhase;
			buildActionMask = 2147483647;
			files = (
				84BE55FA24F78AD800A3FFA1 /* MoyaSampleTests.swift in Sources */,
			);
			runOnlyForDeploymentPostprocessing = 0;
		};
		84BE55FC24F78AD800A3FFA1 /* Sources */ = {
			isa = PBXSourcesBuildPhase;
			buildActionMask = 2147483647;
			files = (
				84BE560524F78AD800A3FFA1 /* MoyaSampleUITests.swift in Sources */,
			);
			runOnlyForDeploymentPostprocessing = 0;
		};
/* End PBXSourcesBuildPhase section */

/* Begin PBXTargetDependency section */
		84BE55F724F78AD800A3FFA1 /* PBXTargetDependency */ = {
			isa = PBXTargetDependency;
			target = 84BE55DE24F78AD600A3FFA1 /* MoyaSample */;
			targetProxy = 84BE55F624F78AD800A3FFA1 /* PBXContainerItemProxy */;
		};
		84BE560224F78AD800A3FFA1 /* PBXTargetDependency */ = {
			isa = PBXTargetDependency;
			target = 84BE55DE24F78AD600A3FFA1 /* MoyaSample */;
			targetProxy = 84BE560124F78AD800A3FFA1 /* PBXContainerItemProxy */;
		};
/* End PBXTargetDependency section */

/* Begin PBXVariantGroup section */
		84BE55E824F78AD600A3FFA1 /* Main.storyboard */ = {
			isa = PBXVariantGroup;
			children = (
				84BE55E924F78AD600A3FFA1 /* Base */,
			);
			name = Main.storyboard;
			sourceTree = "<group>";
		};
		84BE55ED24F78AD800A3FFA1 /* LaunchScreen.storyboard */ = {
			isa = PBXVariantGroup;
			children = (
				84BE55EE24F78AD800A3FFA1 /* Base */,
			);
			name = LaunchScreen.storyboard;
			sourceTree = "<group>";
		};
/* End PBXVariantGroup section */

/* Begin XCBuildConfiguration section */
		84BE560724F78AD800A3FFA1 /* Debug */ = {
			isa = XCBuildConfiguration;
			buildSettings = {
				ALWAYS_SEARCH_USER_PATHS = NO;
				CLANG_ANALYZER_NONNULL = YES;
				CLANG_ANALYZER_NUMBER_OBJECT_CONVERSION = YES_AGGRESSIVE;
				CLANG_CXX_LANGUAGE_STANDARD = "gnu++14";
				CLANG_CXX_LIBRARY = "libc++";
				CLANG_ENABLE_MODULES = YES;
				CLANG_ENABLE_OBJC_ARC = YES;
				CLANG_ENABLE_OBJC_WEAK = YES;
				CLANG_WARN_BLOCK_CAPTURE_AUTORELEASING = YES;
				CLANG_WARN_BOOL_CONVERSION = YES;
				CLANG_WARN_COMMA = YES;
				CLANG_WARN_CONSTANT_CONVERSION = YES;
				CLANG_WARN_DEPRECATED_OBJC_IMPLEMENTATIONS = YES;
				CLANG_WARN_DIRECT_OBJC_ISA_USAGE = YES_ERROR;
				CLANG_WARN_DOCUMENTATION_COMMENTS = YES;
				CLANG_WARN_EMPTY_BODY = YES;
				CLANG_WARN_ENUM_CONVERSION = YES;
				CLANG_WARN_INFINITE_RECURSION = YES;
				CLANG_WARN_INT_CONVERSION = YES;
				CLANG_WARN_NON_LITERAL_NULL_CONVERSION = YES;
				CLANG_WARN_OBJC_IMPLICIT_RETAIN_SELF = YES;
				CLANG_WARN_OBJC_LITERAL_CONVERSION = YES;
				CLANG_WARN_OBJC_ROOT_CLASS = YES_ERROR;
				CLANG_WARN_RANGE_LOOP_ANALYSIS = YES;
				CLANG_WARN_STRICT_PROTOTYPES = YES;
				CLANG_WARN_SUSPICIOUS_MOVE = YES;
				CLANG_WARN_UNGUARDED_AVAILABILITY = YES_AGGRESSIVE;
				CLANG_WARN_UNREACHABLE_CODE = YES;
				CLANG_WARN__DUPLICATE_METHOD_MATCH = YES;
				COPY_PHASE_STRIP = NO;
				DEBUG_INFORMATION_FORMAT = dwarf;
				ENABLE_STRICT_OBJC_MSGSEND = YES;
				ENABLE_TESTABILITY = YES;
				GCC_C_LANGUAGE_STANDARD = gnu11;
				GCC_DYNAMIC_NO_PIC = NO;
				GCC_NO_COMMON_BLOCKS = YES;
				GCC_OPTIMIZATION_LEVEL = 0;
				GCC_PREPROCESSOR_DEFINITIONS = (
					"DEBUG=1",
					"$(inherited)",
				);
				GCC_WARN_64_TO_32_BIT_CONVERSION = YES;
				GCC_WARN_ABOUT_RETURN_TYPE = YES_ERROR;
				GCC_WARN_UNDECLARED_SELECTOR = YES;
				GCC_WARN_UNINITIALIZED_AUTOS = YES_AGGRESSIVE;
				GCC_WARN_UNUSED_FUNCTION = YES;
				GCC_WARN_UNUSED_VARIABLE = YES;
				IPHONEOS_DEPLOYMENT_TARGET = 13.2;
				MTL_ENABLE_DEBUG_INFO = INCLUDE_SOURCE;
				MTL_FAST_MATH = YES;
				ONLY_ACTIVE_ARCH = YES;
				SDKROOT = iphoneos;
				SWIFT_ACTIVE_COMPILATION_CONDITIONS = DEBUG;
				SWIFT_OPTIMIZATION_LEVEL = "-Onone";
			};
			name = Debug;
		};
		84BE560824F78AD800A3FFA1 /* Release */ = {
			isa = XCBuildConfiguration;
			buildSettings = {
				ALWAYS_SEARCH_USER_PATHS = NO;
				CLANG_ANALYZER_NONNULL = YES;
				CLANG_ANALYZER_NUMBER_OBJECT_CONVERSION = YES_AGGRESSIVE;
				CLANG_CXX_LANGUAGE_STANDARD = "gnu++14";
				CLANG_CXX_LIBRARY = "libc++";
				CLANG_ENABLE_MODULES = YES;
				CLANG_ENABLE_OBJC_ARC = YES;
				CLANG_ENABLE_OBJC_WEAK = YES;
				CLANG_WARN_BLOCK_CAPTURE_AUTORELEASING = YES;
				CLANG_WARN_BOOL_CONVERSION = YES;
				CLANG_WARN_COMMA = YES;
				CLANG_WARN_CONSTANT_CONVERSION = YES;
				CLANG_WARN_DEPRECATED_OBJC_IMPLEMENTATIONS = YES;
				CLANG_WARN_DIRECT_OBJC_ISA_USAGE = YES_ERROR;
				CLANG_WARN_DOCUMENTATION_COMMENTS = YES;
				CLANG_WARN_EMPTY_BODY = YES;
				CLANG_WARN_ENUM_CONVERSION = YES;
				CLANG_WARN_INFINITE_RECURSION = YES;
				CLANG_WARN_INT_CONVERSION = YES;
				CLANG_WARN_NON_LITERAL_NULL_CONVERSION = YES;
				CLANG_WARN_OBJC_IMPLICIT_RETAIN_SELF = YES;
				CLANG_WARN_OBJC_LITERAL_CONVERSION = YES;
				CLANG_WARN_OBJC_ROOT_CLASS = YES_ERROR;
				CLANG_WARN_RANGE_LOOP_ANALYSIS = YES;
				CLANG_WARN_STRICT_PROTOTYPES = YES;
				CLANG_WARN_SUSPICIOUS_MOVE = YES;
				CLANG_WARN_UNGUARDED_AVAILABILITY = YES_AGGRESSIVE;
				CLANG_WARN_UNREACHABLE_CODE = YES;
				CLANG_WARN__DUPLICATE_METHOD_MATCH = YES;
				COPY_PHASE_STRIP = NO;
				DEBUG_INFORMATION_FORMAT = "dwarf-with-dsym";
				ENABLE_NS_ASSERTIONS = NO;
				ENABLE_STRICT_OBJC_MSGSEND = YES;
				GCC_C_LANGUAGE_STANDARD = gnu11;
				GCC_NO_COMMON_BLOCKS = YES;
				GCC_WARN_64_TO_32_BIT_CONVERSION = YES;
				GCC_WARN_ABOUT_RETURN_TYPE = YES_ERROR;
				GCC_WARN_UNDECLARED_SELECTOR = YES;
				GCC_WARN_UNINITIALIZED_AUTOS = YES_AGGRESSIVE;
				GCC_WARN_UNUSED_FUNCTION = YES;
				GCC_WARN_UNUSED_VARIABLE = YES;
				IPHONEOS_DEPLOYMENT_TARGET = 13.2;
				MTL_ENABLE_DEBUG_INFO = NO;
				MTL_FAST_MATH = YES;
				SDKROOT = iphoneos;
				SWIFT_COMPILATION_MODE = wholemodule;
				SWIFT_OPTIMIZATION_LEVEL = "-O";
				VALIDATE_PRODUCT = YES;
			};
			name = Release;
		};
		84BE560A24F78AD800A3FFA1 /* Debug */ = {
			isa = XCBuildConfiguration;
			baseConfigurationReference = 43A3F02AF97D394AB5AA97AD /* Pods-MoyaSample.debug.xcconfig */;
			buildSettings = {
				ASSETCATALOG_COMPILER_APPICON_NAME = AppIcon;
				CODE_SIGN_STYLE = Automatic;
				INFOPLIST_FILE = MoyaSample/Info.plist;
				LD_RUNPATH_SEARCH_PATHS = (
					"$(inherited)",
					"@executable_path/Frameworks",
				);
				PRODUCT_BUNDLE_IDENTIFIER = com.burita083.MoyaSample;
				PRODUCT_NAME = "$(TARGET_NAME)";
				SWIFT_VERSION = 5.0;
				TARGETED_DEVICE_FAMILY = "1,2";
			};
			name = Debug;
		};
		84BE560B24F78AD800A3FFA1 /* Release */ = {
			isa = XCBuildConfiguration;
			baseConfigurationReference = 82F8020A2D55930D43D66412 /* Pods-MoyaSample.release.xcconfig */;
			buildSettings = {
				ASSETCATALOG_COMPILER_APPICON_NAME = AppIcon;
				CODE_SIGN_STYLE = Automatic;
				INFOPLIST_FILE = MoyaSample/Info.plist;
				LD_RUNPATH_SEARCH_PATHS = (
					"$(inherited)",
					"@executable_path/Frameworks",
				);
				PRODUCT_BUNDLE_IDENTIFIER = com.burita083.MoyaSample;
				PRODUCT_NAME = "$(TARGET_NAME)";
				SWIFT_VERSION = 5.0;
				TARGETED_DEVICE_FAMILY = "1,2";
			};
			name = Release;
		};
		84BE560D24F78AD800A3FFA1 /* Debug */ = {
			isa = XCBuildConfiguration;
			baseConfigurationReference = C5E162C9204A464E7E2562EA /* Pods-MoyaSampleTests.debug.xcconfig */;
			buildSettings = {
				ALWAYS_EMBED_SWIFT_STANDARD_LIBRARIES = YES;
				BUNDLE_LOADER = "$(TEST_HOST)";
				CODE_SIGN_STYLE = Automatic;
				INFOPLIST_FILE = MoyaSampleTests/Info.plist;
				IPHONEOS_DEPLOYMENT_TARGET = 13.2;
				LD_RUNPATH_SEARCH_PATHS = (
					"$(inherited)",
					"@executable_path/Frameworks",
					"@loader_path/Frameworks",
				);
				PRODUCT_BUNDLE_IDENTIFIER = com.burita083.MoyaSampleTests;
				PRODUCT_NAME = "$(TARGET_NAME)";
				SWIFT_VERSION = 5.0;
				TARGETED_DEVICE_FAMILY = "1,2";
				TEST_HOST = "$(BUILT_PRODUCTS_DIR)/MoyaSample.app/MoyaSample";
			};
			name = Debug;
		};
		84BE560E24F78AD800A3FFA1 /* Release */ = {
			isa = XCBuildConfiguration;
			baseConfigurationReference = 8AF7F23026DA052E7098D32F /* Pods-MoyaSampleTests.release.xcconfig */;
			buildSettings = {
				ALWAYS_EMBED_SWIFT_STANDARD_LIBRARIES = YES;
				BUNDLE_LOADER = "$(TEST_HOST)";
				CODE_SIGN_STYLE = Automatic;
				INFOPLIST_FILE = MoyaSampleTests/Info.plist;
				IPHONEOS_DEPLOYMENT_TARGET = 13.2;
				LD_RUNPATH_SEARCH_PATHS = (
					"$(inherited)",
					"@executable_path/Frameworks",
					"@loader_path/Frameworks",
				);
				PRODUCT_BUNDLE_IDENTIFIER = com.burita083.MoyaSampleTests;
				PRODUCT_NAME = "$(TARGET_NAME)";
				SWIFT_VERSION = 5.0;
				TARGETED_DEVICE_FAMILY = "1,2";
				TEST_HOST = "$(BUILT_PRODUCTS_DIR)/MoyaSample.app/MoyaSample";
			};
			name = Release;
		};
		84BE561024F78AD800A3FFA1 /* Debug */ = {
			isa = XCBuildConfiguration;
			baseConfigurationReference = E4C443D6EE6277D5DE7C9470 /* Pods-MoyaSample-MoyaSampleUITests.debug.xcconfig */;
			buildSettings = {
				ALWAYS_EMBED_SWIFT_STANDARD_LIBRARIES = YES;
				CODE_SIGN_STYLE = Automatic;
				INFOPLIST_FILE = MoyaSampleUITests/Info.plist;
				LD_RUNPATH_SEARCH_PATHS = (
					"$(inherited)",
					"@executable_path/Frameworks",
					"@loader_path/Frameworks",
				);
				PRODUCT_BUNDLE_IDENTIFIER = com.burita083.MoyaSampleUITests;
				PRODUCT_NAME = "$(TARGET_NAME)";
				SWIFT_VERSION = 5.0;
				TARGETED_DEVICE_FAMILY = "1,2";
				TEST_TARGET_NAME = MoyaSample;
			};
			name = Debug;
		};
		84BE561124F78AD800A3FFA1 /* Release */ = {
			isa = XCBuildConfiguration;
			baseConfigurationReference = 407B0603C7962CFCD237D01D /* Pods-MoyaSample-MoyaSampleUITests.release.xcconfig */;
			buildSettings = {
				ALWAYS_EMBED_SWIFT_STANDARD_LIBRARIES = YES;
				CODE_SIGN_STYLE = Automatic;
				INFOPLIST_FILE = MoyaSampleUITests/Info.plist;
				LD_RUNPATH_SEARCH_PATHS = (
					"$(inherited)",
					"@executable_path/Frameworks",
					"@loader_path/Frameworks",
				);
				PRODUCT_BUNDLE_IDENTIFIER = com.burita083.MoyaSampleUITests;
				PRODUCT_NAME = "$(TARGET_NAME)";
				SWIFT_VERSION = 5.0;
				TARGETED_DEVICE_FAMILY = "1,2";
				TEST_TARGET_NAME = MoyaSample;
			};
			name = Release;
		};
/* End XCBuildConfiguration section */

/* Begin XCConfigurationList section */
		84BE55DA24F78AD600A3FFA1 /* Build configuration list for PBXProject "MoyaSample" */ = {
			isa = XCConfigurationList;
			buildConfigurations = (
				84BE560724F78AD800A3FFA1 /* Debug */,
				84BE560824F78AD800A3FFA1 /* Release */,
			);
			defaultConfigurationIsVisible = 0;
			defaultConfigurationName = Release;
		};
		84BE560924F78AD800A3FFA1 /* Build configuration list for PBXNativeTarget "MoyaSample" */ = {
			isa = XCConfigurationList;
			buildConfigurations = (
				84BE560A24F78AD800A3FFA1 /* Debug */,
				84BE560B24F78AD800A3FFA1 /* Release */,
			);
			defaultConfigurationIsVisible = 0;
			defaultConfigurationName = Release;
		};
		84BE560C24F78AD800A3FFA1 /* Build configuration list for PBXNativeTarget "MoyaSampleTests" */ = {
			isa = XCConfigurationList;
			buildConfigurations = (
				84BE560D24F78AD800A3FFA1 /* Debug */,
				84BE560E24F78AD800A3FFA1 /* Release */,
			);
			defaultConfigurationIsVisible = 0;
			defaultConfigurationName = Release;
		};
		84BE560F24F78AD800A3FFA1 /* Build configuration list for PBXNativeTarget "MoyaSampleUITests" */ = {
			isa = XCConfigurationList;
			buildConfigurations = (
				84BE561024F78AD800A3FFA1 /* Debug */,
				84BE561124F78AD800A3FFA1 /* Release */,
			);
			defaultConfigurationIsVisible = 0;
			defaultConfigurationName = Release;
		};
/* End XCConfigurationList section */
	};
	rootObject = 84BE55D724F78AD600A3FFA1 /* Project object */;
}
